
Microsoft Visual Studio Solution File, Format Version 12.00
# Visual Studio Version 17
VisualStudioVersion = 17.1.32210.238
MinimumVisualStudioVersion = 10.0.40219.1
Project("{8BC9CEB8-8B4A-11D0-8D11-00A0C91BC942}") = "ADP STL Review Workshop - Assignment 1", "ADP STL Review Workshop - Assignment 1\ADP STL Review Workshop - Assignment 1.vcxproj", "{DB76A38F-34ED-47E1-8C0F-F6E3567498C9}"
EndProject
Global
	GlobalSection(SolutionConfigurationPlatforms) = preSolution
		Debug|x64 = Debug|x64
		Debug|x86 = Debug|x86
		Release|x64 = Release|x64
		Release|x86 = Release|x86
	EndGlobalSection
	GlobalSection(ProjectConfigurationPlatforms) = postSolution
		{DB76A38F-34ED-47E1-8C0F-F6E3567498C9}.Debug|x64.ActiveCfg = Debug|x64
		{DB76A38F-34ED-47E1-8C0F-F6E3567498C9}.Debug|x64.Build.0 = Debug|x64
		{DB76A38F-34ED-47E1-8C0F-F6E3567498C9}.Debug|x86.ActiveCfg = Debug|Win32
		{DB76A38F-34ED-47E1-8C0F-F6E3567498C9}.Debug|x86.Build.0 = Debug|Win32
		{DB76A38F-34ED-47E1-8C0F-F6E3567498C9}.Release|x64.ActiveCfg = Release|x64
		{DB76A38F-34ED-47E1-8C0F-F6E3567498C9}.Release|x64.Build.0 = Release|x64
		{DB76A38F-34ED-47E1-8C0F-F6E3567498C9}.Release|x86.ActiveCfg = Release|Win32
		{DB76A38F-34ED-47E1-8C0F-F6E3567498C9}.Release|x86.Build.0 = Release|Win32
	EndGlobalSection
	GlobalSection(SolutionProperties) = preSolution
		HideSolutionNode = FALSE
	EndGlobalSection
	GlobalSection(ExtensibilityGlobals) = postSolution
		SolutionGuid = {19361806-1CF0-4D1C-BEAB-55397C1A83DE}
	EndGlobalSection
EndGlobal
